
Microsoft Visual Studio Solution File, Format Version 12.00
# Visual Studio 15
VisualStudioVersion = 15.0.28307.1169
MinimumVisualStudioVersion = 10.0.40219.1
Project("{FAE04EC0-301F-11D3-BF4B-00C04F79EFBC}") = "EmployeesInfo", "EmployeesInfo\EmployeesInfo.csproj", "{F751FFE2-A4C2-4A75-8572-F58F8D542F15}"
EndProject
Global
	GlobalSection(SolutionConfigurationPlatforms) = preSolution
		Debug|Any CPU = Debug|Any CPU
		Release|Any CPU = Release|Any CPU
	EndGlobalSection
	GlobalSection(ProjectConfigurationPlatforms) = postSolution
		{F751FFE2-A4C2-4A75-8572-F58F8D542F15}.Debug|Any CPU.ActiveCfg = Debug|Any CPU
		{F751FFE2-A4C2-4A75-8572-F58F8D542F15}.Debug|Any CPU.Build.0 = Debug|Any CPU
		{F751FFE2-A4C2-4A75-8572-F58F8D542F15}.Release|Any CPU.ActiveCfg = Release|Any CPU
		{F751FFE2-A4C2-4A75-8572-F58F8D542F15}.Release|Any CPU.Build.0 = Release|Any CPU
	EndGlobalSection
	GlobalSection(SolutionProperties) = preSolution
		HideSolutionNode = FALSE
	EndGlobalSection
	GlobalSection(ExtensibilityGlobals) = postSolution
		SolutionGuid = {DF415816-E5AC-49B7-B59A-644BB76BFBF0}
	EndGlobalSection
EndGlobal
